{
  "name": "slugify-cli",
  "version": "1.0.0",
  "lockfileVersion": 3,
  "requires": true,
  "packages": {
    "": {
      "name": "slugify-cli",
      "version": "1.0.0",
      "license": "ISC",
      "dependencies": {
        "slugify-cli": "file:"
      },
      "bin": {
        "slugify-cli": "bin/index.js"
      }
    },
    "node_modules/slugify-cli": {
      "resolved": "",
      "link": true
    }
  }
}
